// !$*UTF8*$!
{
	archiveVersion = 1;
	classes = {
	};
	objectVersion = 56;
	objects = {

/* Begin PBXBuildFile section */
		EA9BC9E82B83A44800292705 /* ProfileBar.swift in Sources */ = {isa = PBXBuildFile; fileRef = EA9BC9E72B83A44800292705 /* ProfileBar.swift */; };
		EA9BC9EA2B84EF8100292705 /* UnfriendSheet.swift in Sources */ = {isa = PBXBuildFile; fileRef = EA9BC9E92B84EF8100292705 /* UnfriendSheet.swift */; };
		EA9BC9EC2B8501ED00292705 /* Post.swift in Sources */ = {isa = PBXBuildFile; fileRef = EA9BC9EB2B8501ED00292705 /* Post.swift */; };
		F137D2332B839A82006264C1 /* serenadev2App.swift in Sources */ = {isa = PBXBuildFile; fileRef = F137D2322B839A82006264C1 /* serenadev2App.swift */; };
		F137D2352B839A82006264C1 /* ContentView.swift in Sources */ = {isa = PBXBuildFile; fileRef = F137D2342B839A82006264C1 /* ContentView.swift */; };
		F137D2372B839A82006264C1 /* Item.swift in Sources */ = {isa = PBXBuildFile; fileRef = F137D2362B839A82006264C1 /* Item.swift */; };
		F137D2392B839A84006264C1 /* Assets.xcassets in Resources */ = {isa = PBXBuildFile; fileRef = F137D2382B839A84006264C1 /* Assets.xcassets */; };
		F137D23C2B839A84006264C1 /* Preview Assets.xcassets in Resources */ = {isa = PBXBuildFile; fileRef = F137D23B2B839A84006264C1 /* Preview Assets.xcassets */; };
		F137D2482B839A84006264C1 /* serenadev2Tests.swift in Sources */ = {isa = PBXBuildFile; fileRef = F137D2472B839A84006264C1 /* serenadev2Tests.swift */; };
		F137D2522B839A84006264C1 /* serenadev2UITests.swift in Sources */ = {isa = PBXBuildFile; fileRef = F137D2512B839A84006264C1 /* serenadev2UITests.swift */; };
		F137D2542B839A84006264C1 /* serenadev2UITestsLaunchTests.swift in Sources */ = {isa = PBXBuildFile; fileRef = F137D2532B839A84006264C1 /* serenadev2UITestsLaunchTests.swift */; };
/* End PBXBuildFile section */

/* Begin PBXContainerItemProxy section */
		F137D2442B839A84006264C1 /* PBXContainerItemProxy */ = {
			isa = PBXContainerItemProxy;
			containerPortal = F137D2272B839A81006264C1 /* Project object */;
			proxyType = 1;
			remoteGlobalIDString = F137D22E2B839A82006264C1;
			remoteInfo = serenadev2;
		};
		F137D24E2B839A84006264C1 /* PBXContainerItemProxy */ = {
			isa = PBXContainerItemProxy;
			containerPortal = F137D2272B839A81006264C1 /* Project object */;
			proxyType = 1;
			remoteGlobalIDString = F137D22E2B839A82006264C1;
			remoteInfo = serenadev2;
		};
/* End PBXContainerItemProxy section */

/* Begin PBXFileReference section */
		EA9BC9E72B83A44800292705 /* ProfileBar.swift */ = {isa = PBXFileReference; lastKnownFileType = sourcecode.swift; path = ProfileBar.swift; sourceTree = "<group>"; };
		EA9BC9E92B84EF8100292705 /* UnfriendSheet.swift */ = {isa = PBXFileReference; lastKnownFileType = sourcecode.swift; path = UnfriendSheet.swift; sourceTree = "<group>"; };
		EA9BC9EB2B8501ED00292705 /* Post.swift */ = {isa = PBXFileReference; lastKnownFileType = sourcecode.swift; path = Post.swift; sourceTree = "<group>"; };
		F137D22F2B839A82006264C1 /* serenadev2.app */ = {isa = PBXFileReference; explicitFileType = wrapper.application; includeInIndex = 0; path = serenadev2.app; sourceTree = BUILT_PRODUCTS_DIR; };
		F137D2322B839A82006264C1 /* serenadev2App.swift */ = {isa = PBXFileReference; lastKnownFileType = sourcecode.swift; path = serenadev2App.swift; sourceTree = "<group>"; };
		F137D2342B839A82006264C1 /* ContentView.swift */ = {isa = PBXFileReference; lastKnownFileType = sourcecode.swift; path = ContentView.swift; sourceTree = "<group>"; };
		F137D2362B839A82006264C1 /* Item.swift */ = {isa = PBXFileReference; lastKnownFileType = sourcecode.swift; path = Item.swift; sourceTree = "<group>"; };
		F137D2382B839A84006264C1 /* Assets.xcassets */ = {isa = PBXFileReference; lastKnownFileType = folder.assetcatalog; path = Assets.xcassets; sourceTree = "<group>"; };
		F137D23B2B839A84006264C1 /* Preview Assets.xcassets */ = {isa = PBXFileReference; lastKnownFileType = folder.assetcatalog; path = "Preview Assets.xcassets"; sourceTree = "<group>"; };
		F137D23D2B839A84006264C1 /* serenadev2.entitlements */ = {isa = PBXFileReference; lastKnownFileType = text.plist.entitlements; path = serenadev2.entitlements; sourceTree = "<group>"; };
		F137D23E2B839A84006264C1 /* Info.plist */ = {isa = PBXFileReference; lastKnownFileType = text.plist.xml; path = Info.plist; sourceTree = "<group>"; };
		F137D2432B839A84006264C1 /* serenadev2Tests.xctest */ = {isa = PBXFileReference; explicitFileType = wrapper.cfbundle; includeInIndex = 0; path = serenadev2Tests.xctest; sourceTree = BUILT_PRODUCTS_DIR; };
		F137D2472B839A84006264C1 /* serenadev2Tests.swift */ = {isa = PBXFileReference; lastKnownFileType = sourcecode.swift; path = serenadev2Tests.swift; sourceTree = "<group>"; };
		F137D24D2B839A84006264C1 /* serenadev2UITests.xctest */ = {isa = PBXFileReference; explicitFileType = wrapper.cfbundle; includeInIndex = 0; path = serenadev2UITests.xctest; sourceTree = BUILT_PRODUCTS_DIR; };
		F137D2512B839A84006264C1 /* serenadev2UITests.swift */ = {isa = PBXFileReference; lastKnownFileType = sourcecode.swift; path = serenadev2UITests.swift; sourceTree = "<group>"; };
		F137D2532B839A84006264C1 /* serenadev2UITestsLaunchTests.swift */ = {isa = PBXFileReference; lastKnownFileType = sourcecode.swift; path = serenadev2UITestsLaunchTests.swift; sourceTree = "<group>"; };
/* End PBXFileReference section */

/* Begin PBXFrameworksBuildPhase section */
		F137D22C2B839A82006264C1 /* Frameworks */ = {
			isa = PBXFrameworksBuildPhase;
			buildActionMask = 2147483647;
			files = (
			);
			runOnlyForDeploymentPostprocessing = 0;
		};
		F137D2402B839A84006264C1 /* Frameworks */ = {
			isa = PBXFrameworksBuildPhase;
			buildActionMask = 2147483647;
			files = (
			);
			runOnlyForDeploymentPostprocessing = 0;
		};
		F137D24A2B839A84006264C1 /* Frameworks */ = {
			isa = PBXFrameworksBuildPhase;
			buildActionMask = 2147483647;
			files = (
			);
			runOnlyForDeploymentPostprocessing = 0;
		};
/* End PBXFrameworksBuildPhase section */

/* Begin PBXGroup section */
		EA9BC9E22B83A28D00292705 /* Components */ = {
			isa = PBXGroup;
			children = (
				EA9BC9E72B83A44800292705 /* ProfileBar.swift */,
				EA9BC9E92B84EF8100292705 /* UnfriendSheet.swift */,
				EA9BC9EB2B8501ED00292705 /* Post.swift */,
			);
			path = Components;
			sourceTree = "<group>";
		};
		EA9BC9E32B83A29F00292705 /* ViewModel */ = {
			isa = PBXGroup;
			children = (
			);
			path = ViewModel;
			sourceTree = "<group>";
		};
		EA9BC9E42B83A2AD00292705 /* Model */ = {
			isa = PBXGroup;
			children = (
			);
			path = Model;
			sourceTree = "<group>";
		};
		EA9BC9E52B83A2B300292705 /* View */ = {
			isa = PBXGroup;
			children = (
			);
			path = View;
			sourceTree = "<group>";
		};
		F137D2262B839A81006264C1 = {
			isa = PBXGroup;
			children = (
				F137D2312B839A82006264C1 /* serenadev2 */,
				F137D2462B839A84006264C1 /* serenadev2Tests */,
				F137D2502B839A84006264C1 /* serenadev2UITests */,
				F137D2302B839A82006264C1 /* Products */,
			);
			sourceTree = "<group>";
		};
		F137D2302B839A82006264C1 /* Products */ = {
			isa = PBXGroup;
			children = (
				F137D22F2B839A82006264C1 /* serenadev2.app */,
				F137D2432B839A84006264C1 /* serenadev2Tests.xctest */,
				F137D24D2B839A84006264C1 /* serenadev2UITests.xctest */,
			);
			name = Products;
			sourceTree = "<group>";
		};
		F137D2312B839A82006264C1 /* serenadev2 */ = {
			isa = PBXGroup;
			children = (
				EA9BC9E52B83A2B300292705 /* View */,
				EA9BC9E42B83A2AD00292705 /* Model */,
				EA9BC9E32B83A29F00292705 /* ViewModel */,
				EA9BC9E22B83A28D00292705 /* Components */,
				F137D2322B839A82006264C1 /* serenadev2App.swift */,
				F137D2342B839A82006264C1 /* ContentView.swift */,
				F137D2362B839A82006264C1 /* Item.swift */,
				F137D2382B839A84006264C1 /* Assets.xcassets */,
				F137D23D2B839A84006264C1 /* serenadev2.entitlements */,
				F137D23E2B839A84006264C1 /* Info.plist */,
				F137D23A2B839A84006264C1 /* Preview Content */,
			);
			path = serenadev2;
			sourceTree = "<group>";
		};
		F137D23A2B839A84006264C1 /* Preview Content */ = {
			isa = PBXGroup;
			children = (
				F137D23B2B839A84006264C1 /* Preview Assets.xcassets */,
			);
			path = "Preview Content";
			sourceTree = "<group>";
		};
		F137D2462B839A84006264C1 /* serenadev2Tests */ = {
			isa = PBXGroup;
			children = (
				F137D2472B839A84006264C1 /* serenadev2Tests.swift */,
			);
			path = serenadev2Tests;
			sourceTree = "<group>";
		};
		F137D2502B839A84006264C1 /* serenadev2UITests */ = {
			isa = PBXGroup;
			children = (
				F137D2512B839A84006264C1 /* serenadev2UITests.swift */,
				F137D2532B839A84006264C1 /* serenadev2UITestsLaunchTests.swift */,
			);
			path = serenadev2UITests;
			sourceTree = "<group>";
		};
/* End PBXGroup section */

/* Begin PBXNativeTarget section */
		F137D22E2B839A82006264C1 /* serenadev2 */ = {
			isa = PBXNativeTarget;
			buildConfigurationList = F137D2572B839A84006264C1 /* Build configuration list for PBXNativeTarget "serenadev2" */;
			buildPhases = (
				F137D22B2B839A82006264C1 /* Sources */,
				F137D22C2B839A82006264C1 /* Frameworks */,
				F137D22D2B839A82006264C1 /* Resources */,
			);
			buildRules = (
			);
			dependencies = (
			);
			name = serenadev2;
			productName = serenadev2;
			productReference = F137D22F2B839A82006264C1 /* serenadev2.app */;
			productType = "com.apple.product-type.application";
		};
		F137D2422B839A84006264C1 /* serenadev2Tests */ = {
			isa = PBXNativeTarget;
			buildConfigurationList = F137D25A2B839A84006264C1 /* Build configuration list for PBXNativeTarget "serenadev2Tests" */;
			buildPhases = (
				F137D23F2B839A84006264C1 /* Sources */,
				F137D2402B839A84006264C1 /* Frameworks */,
				F137D2412B839A84006264C1 /* Resources */,
			);
			buildRules = (
			);
			dependencies = (
				F137D2452B839A84006264C1 /* PBXTargetDependency */,
			);
			name = serenadev2Tests;
			productName = serenadev2Tests;
			productReference = F137D2432B839A84006264C1 /* serenadev2Tests.xctest */;
			productType = "com.apple.product-type.bundle.unit-test";
		};
		F137D24C2B839A84006264C1 /* serenadev2UITests */ = {
			isa = PBXNativeTarget;
			buildConfigurationList = F137D25D2B839A84006264C1 /* Build configuration list for PBXNativeTarget "serenadev2UITests" */;
			buildPhases = (
				F137D2492B839A84006264C1 /* Sources */,
				F137D24A2B839A84006264C1 /* Frameworks */,
				F137D24B2B839A84006264C1 /* Resources */,
			);
			buildRules = (
			);
			dependencies = (
				F137D24F2B839A84006264C1 /* PBXTargetDependency */,
			);
			name = serenadev2UITests;
			productName = serenadev2UITests;
			productReference = F137D24D2B839A84006264C1 /* serenadev2UITests.xctest */;
			productType = "com.apple.product-type.bundle.ui-testing";
		};
/* End PBXNativeTarget section */

/* Begin PBXProject section */
		F137D2272B839A81006264C1 /* Project object */ = {
			isa = PBXProject;
			attributes = {
				BuildIndependentTargetsInParallel = 1;
				LastSwiftUpdateCheck = 1520;
				LastUpgradeCheck = 1520;
				TargetAttributes = {
					F137D22E2B839A82006264C1 = {
						CreatedOnToolsVersion = 15.2;
					};
					F137D2422B839A84006264C1 = {
						CreatedOnToolsVersion = 15.2;
						TestTargetID = F137D22E2B839A82006264C1;
					};
					F137D24C2B839A84006264C1 = {
						CreatedOnToolsVersion = 15.2;
						TestTargetID = F137D22E2B839A82006264C1;
					};
				};
			};
			buildConfigurationList = F137D22A2B839A81006264C1 /* Build configuration list for PBXProject "serenadev2" */;
			compatibilityVersion = "Xcode 14.0";
			developmentRegion = en;
			hasScannedForEncodings = 0;
			knownRegions = (
				en,
				Base,
			);
			mainGroup = F137D2262B839A81006264C1;
			productRefGroup = F137D2302B839A82006264C1 /* Products */;
			projectDirPath = "";
			projectRoot = "";
			targets = (
				F137D22E2B839A82006264C1 /* serenadev2 */,
				F137D2422B839A84006264C1 /* serenadev2Tests */,
				F137D24C2B839A84006264C1 /* serenadev2UITests */,
			);
		};
/* End PBXProject section */

/* Begin PBXResourcesBuildPhase section */
		F137D22D2B839A82006264C1 /* Resources */ = {
			isa = PBXResourcesBuildPhase;
			buildActionMask = 2147483647;
			files = (
				F137D23C2B839A84006264C1 /* Preview Assets.xcassets in Resources */,
				F137D2392B839A84006264C1 /* Assets.xcassets in Resources */,
			);
			runOnlyForDeploymentPostprocessing = 0;
		};
		F137D2412B839A84006264C1 /* Resources */ = {
			isa = PBXResourcesBuildPhase;
			buildActionMask = 2147483647;
			files = (
			);
			runOnlyForDeploymentPostprocessing = 0;
		};
		F137D24B2B839A84006264C1 /* Resources */ = {
			isa = PBXResourcesBuildPhase;
			buildActionMask = 2147483647;
			files = (
			);
			runOnlyForDeploymentPostprocessing = 0;
		};
/* End PBXResourcesBuildPhase section */

/* Begin PBXSourcesBuildPhase section */
		F137D22B2B839A82006264C1 /* Sources */ = {
			isa = PBXSourcesBuildPhase;
			buildActionMask = 2147483647;
			files = (
				F137D2352B839A82006264C1 /* ContentView.swift in Sources */,
				EA9BC9E82B83A44800292705 /* ProfileBar.swift in Sources */,
				F137D2372B839A82006264C1 /* Item.swift in Sources */,
				EA9BC9EC2B8501ED00292705 /* Post.swift in Sources */,
				EA9BC9EA2B84EF8100292705 /* UnfriendSheet.swift in Sources */,
				F137D2332B839A82006264C1 /* serenadev2App.swift in Sources */,
			);
			runOnlyForDeploymentPostprocessing = 0;
		};
		F137D23F2B839A84006264C1 /* Sources */ = {
			isa = PBXSourcesBuildPhase;
			buildActionMask = 2147483647;
			files = (
				F137D2482B839A84006264C1 /* serenadev2Tests.swift in Sources */,
			);
			runOnlyForDeploymentPostprocessing = 0;
		};
		F137D2492B839A84006264C1 /* Sources */ = {
			isa = PBXSourcesBuildPhase;
			buildActionMask = 2147483647;
			files = (
				F137D2522B839A84006264C1 /* serenadev2UITests.swift in Sources */,
				F137D2542B839A84006264C1 /* serenadev2UITestsLaunchTests.swift in Sources */,
			);
			runOnlyForDeploymentPostprocessing = 0;
		};
/* End PBXSourcesBuildPhase section */

/* Begin PBXTargetDependency section */
		F137D2452B839A84006264C1 /* PBXTargetDependency */ = {
			isa = PBXTargetDependency;
			target = F137D22E2B839A82006264C1 /* serenadev2 */;
			targetProxy = F137D2442B839A84006264C1 /* PBXContainerItemProxy */;
		};
		F137D24F2B839A84006264C1 /* PBXTargetDependency */ = {
			isa = PBXTargetDependency;
			target = F137D22E2B839A82006264C1 /* serenadev2 */;
			targetProxy = F137D24E2B839A84006264C1 /* PBXContainerItemProxy */;
		};
/* End PBXTargetDependency section */

/* Begin XCBuildConfiguration section */
		F137D2552B839A84006264C1 /* Debug */ = {
			isa = XCBuildConfiguration;
			buildSettings = {
				ALWAYS_SEARCH_USER_PATHS = NO;
				ASSETCATALOG_COMPILER_GENERATE_SWIFT_ASSET_SYMBOL_EXTENSIONS = YES;
				CLANG_ANALYZER_NONNULL = YES;
				CLANG_ANALYZER_NUMBER_OBJECT_CONVERSION = YES_AGGRESSIVE;
				CLANG_CXX_LANGUAGE_STANDARD = "gnu++20";
				CLANG_ENABLE_MODULES = YES;
				CLANG_ENABLE_OBJC_ARC = YES;
				CLANG_ENABLE_OBJC_WEAK = YES;
				CLANG_WARN_BLOCK_CAPTURE_AUTORELEASING = YES;
				CLANG_WARN_BOOL_CONVERSION = YES;
				CLANG_WARN_COMMA = YES;
				CLANG_WARN_CONSTANT_CONVERSION = YES;
				CLANG_WARN_DEPRECATED_OBJC_IMPLEMENTATIONS = YES;
				CLANG_WARN_DIRECT_OBJC_ISA_USAGE = YES_ERROR;
				CLANG_WARN_DOCUMENTATION_COMMENTS = YES;
				CLANG_WARN_EMPTY_BODY = YES;
				CLANG_WARN_ENUM_CONVERSION = YES;
				CLANG_WARN_INFINITE_RECURSION = YES;
				CLANG_WARN_INT_CONVERSION = YES;
				CLANG_WARN_NON_LITERAL_NULL_CONVERSION = YES;
				CLANG_WARN_OBJC_IMPLICIT_RETAIN_SELF = YES;
				CLANG_WARN_OBJC_LITERAL_CONVERSION = YES;
				CLANG_WARN_OBJC_ROOT_CLASS = YES_ERROR;
				CLANG_WARN_QUOTED_INCLUDE_IN_FRAMEWORK_HEADER = YES;
				CLANG_WARN_RANGE_LOOP_ANALYSIS = YES;
				CLANG_WARN_STRICT_PROTOTYPES = YES;
				CLANG_WARN_SUSPICIOUS_MOVE = YES;
				CLANG_WARN_UNGUARDED_AVAILABILITY = YES_AGGRESSIVE;
				CLANG_WARN_UNREACHABLE_CODE = YES;
				CLANG_WARN__DUPLICATE_METHOD_MATCH = YES;
				COPY_PHASE_STRIP = NO;
				DEBUG_INFORMATION_FORMAT = dwarf;
				ENABLE_STRICT_OBJC_MSGSEND = YES;
				ENABLE_TESTABILITY = YES;
				ENABLE_USER_SCRIPT_SANDBOXING = YES;
				GCC_C_LANGUAGE_STANDARD = gnu17;
				GCC_DYNAMIC_NO_PIC = NO;
				GCC_NO_COMMON_BLOCKS = YES;
				GCC_OPTIMIZATION_LEVEL = 0;
				GCC_PREPROCESSOR_DEFINITIONS = (
					"DEBUG=1",
					"$(inherited)",
				);
				GCC_WARN_64_TO_32_BIT_CONVERSION = YES;
				GCC_WARN_ABOUT_RETURN_TYPE = YES_ERROR;
				GCC_WARN_UNDECLARED_SELECTOR = YES;
				GCC_WARN_UNINITIALIZED_AUTOS = YES_AGGRESSIVE;
				GCC_WARN_UNUSED_FUNCTION = YES;
				GCC_WARN_UNUSED_VARIABLE = YES;
				IPHONEOS_DEPLOYMENT_TARGET = 17.2;
				LOCALIZATION_PREFERS_STRING_CATALOGS = YES;
				MTL_ENABLE_DEBUG_INFO = INCLUDE_SOURCE;
				MTL_FAST_MATH = YES;
				ONLY_ACTIVE_ARCH = YES;
				SDKROOT = iphoneos;
				SWIFT_ACTIVE_COMPILATION_CONDITIONS = "DEBUG $(inherited)";
				SWIFT_OPTIMIZATION_LEVEL = "-Onone";
			};
			name = Debug;
		};
		F137D2562B839A84006264C1 /* Release */ = {
			isa = XCBuildConfiguration;
			buildSettings = {
				ALWAYS_SEARCH_USER_PATHS = NO;
				ASSETCATALOG_COMPILER_GENERATE_SWIFT_ASSET_SYMBOL_EXTENSIONS = YES;
				CLANG_ANALYZER_NONNULL = YES;
				CLANG_ANALYZER_NUMBER_OBJECT_CONVERSION = YES_AGGRESSIVE;
				CLANG_CXX_LANGUAGE_STANDARD = "gnu++20";
				CLANG_ENABLE_MODULES = YES;
				CLANG_ENABLE_OBJC_ARC = YES;
				CLANG_ENABLE_OBJC_WEAK = YES;
				CLANG_WARN_BLOCK_CAPTURE_AUTORELEASING = YES;
				CLANG_WARN_BOOL_CONVERSION = YES;
				CLANG_WARN_COMMA = YES;
				CLANG_WARN_CONSTANT_CONVERSION = YES;
				CLANG_WARN_DEPRECATED_OBJC_IMPLEMENTATIONS = YES;
				CLANG_WARN_DIRECT_OBJC_ISA_USAGE = YES_ERROR;
				CLANG_WARN_DOCUMENTATION_COMMENTS = YES;
				CLANG_WARN_EMPTY_BODY = YES;
				CLANG_WARN_ENUM_CONVERSION = YES;
				CLANG_WARN_INFINITE_RECURSION = YES;
				CLANG_WARN_INT_CONVERSION = YES;
				CLANG_WARN_NON_LITERAL_NULL_CONVERSION = YES;
				CLANG_WARN_OBJC_IMPLICIT_RETAIN_SELF = YES;
				CLANG_WARN_OBJC_LITERAL_CONVERSION = YES;
				CLANG_WARN_OBJC_ROOT_CLASS = YES_ERROR;
				CLANG_WARN_QUOTED_INCLUDE_IN_FRAMEWORK_HEADER = YES;
				CLANG_WARN_RANGE_LOOP_ANALYSIS = YES;
				CLANG_WARN_STRICT_PROTOTYPES = YES;
				CLANG_WARN_SUSPICIOUS_MOVE = YES;
				CLANG_WARN_UNGUARDED_AVAILABILITY = YES_AGGRESSIVE;
				CLANG_WARN_UNREACHABLE_CODE = YES;
				CLANG_WARN__DUPLICATE_METHOD_MATCH = YES;
				COPY_PHASE_STRIP = NO;
				DEBUG_INFORMATION_FORMAT = "dwarf-with-dsym";
				ENABLE_NS_ASSERTIONS = NO;
				ENABLE_STRICT_OBJC_MSGSEND = YES;
				ENABLE_USER_SCRIPT_SANDBOXING = YES;
				GCC_C_LANGUAGE_STANDARD = gnu17;
				GCC_NO_COMMON_BLOCKS = YES;
				GCC_WARN_64_TO_32_BIT_CONVERSION = YES;
				GCC_WARN_ABOUT_RETURN_TYPE = YES_ERROR;
				GCC_WARN_UNDECLARED_SELECTOR = YES;
				GCC_WARN_UNINITIALIZED_AUTOS = YES_AGGRESSIVE;
				GCC_WARN_UNUSED_FUNCTION = YES;
				GCC_WARN_UNUSED_VARIABLE = YES;
				IPHONEOS_DEPLOYMENT_TARGET = 17.2;
				LOCALIZATION_PREFERS_STRING_CATALOGS = YES;
				MTL_ENABLE_DEBUG_INFO = NO;
				MTL_FAST_MATH = YES;
				SDKROOT = iphoneos;
				SWIFT_COMPILATION_MODE = wholemodule;
				VALIDATE_PRODUCT = YES;
			};
			name = Release;
		};
		F137D2582B839A84006264C1 /* Debug */ = {
			isa = XCBuildConfiguration;
			buildSettings = {
				ASSETCATALOG_COMPILER_APPICON_NAME = AppIcon;
				ASSETCATALOG_COMPILER_GLOBAL_ACCENT_COLOR_NAME = AccentColor;
				CODE_SIGN_ENTITLEMENTS = serenadev2/serenadev2.entitlements;
				CODE_SIGN_STYLE = Automatic;
				CURRENT_PROJECT_VERSION = 1;
				DEVELOPMENT_ASSET_PATHS = "\"serenadev2/Preview Content\"";
				DEVELOPMENT_TEAM = 8T878FXD47;
				ENABLE_PREVIEWS = YES;
				GENERATE_INFOPLIST_FILE = YES;
				INFOPLIST_FILE = serenadev2/Info.plist;
				INFOPLIST_KEY_UIApplicationSceneManifest_Generation = YES;
				INFOPLIST_KEY_UIApplicationSupportsIndirectInputEvents = YES;
				INFOPLIST_KEY_UILaunchScreen_Generation = YES;
				INFOPLIST_KEY_UISupportedInterfaceOrientations_iPad = "UIInterfaceOrientationPortrait UIInterfaceOrientationPortraitUpsideDown UIInterfaceOrientationLandscapeLeft UIInterfaceOrientationLandscapeRight";
				INFOPLIST_KEY_UISupportedInterfaceOrientations_iPhone = "UIInterfaceOrientationPortrait UIInterfaceOrientationLandscapeLeft UIInterfaceOrientationLandscapeRight";
				LD_RUNPATH_SEARCH_PATHS = (
					"$(inherited)",
					"@executable_path/Frameworks",
				);
				MARKETING_VERSION = 1.0;
				PRODUCT_BUNDLE_IDENTIFIER = com.serenade.serenadev2;
				PRODUCT_NAME = "$(TARGET_NAME)";
				SWIFT_EMIT_LOC_STRINGS = YES;
				SWIFT_VERSION = 5.0;
				TARGETED_DEVICE_FAMILY = "1,2";
			};
			name = Debug;
		};
		F137D2592B839A84006264C1 /* Release */ = {
			isa = XCBuildConfiguration;
			buildSettings = {
				ASSETCATALOG_COMPILER_APPICON_NAME = AppIcon;
				ASSETCATALOG_COMPILER_GLOBAL_ACCENT_COLOR_NAME = AccentColor;
				CODE_SIGN_ENTITLEMENTS = serenadev2/serenadev2.entitlements;
				CODE_SIGN_STYLE = Automatic;
				CURRENT_PROJECT_VERSION = 1;
				DEVELOPMENT_ASSET_PATHS = "\"serenadev2/Preview Content\"";
				DEVELOPMENT_TEAM = 8T878FXD47;
				ENABLE_PREVIEWS = YES;
				GENERATE_INFOPLIST_FILE = YES;
				INFOPLIST_FILE = serenadev2/Info.plist;
				INFOPLIST_KEY_UIApplicationSceneManifest_Generation = YES;
				INFOPLIST_KEY_UIApplicationSupportsIndirectInputEvents = YES;
				INFOPLIST_KEY_UILaunchScreen_Generation = YES;
				INFOPLIST_KEY_UISupportedInterfaceOrientations_iPad = "UIInterfaceOrientationPortrait UIInterfaceOrientationPortraitUpsideDown UIInterfaceOrientationLandscapeLeft UIInterfaceOrientationLandscapeRight";
				INFOPLIST_KEY_UISupportedInterfaceOrientations_iPhone = "UIInterfaceOrientationPortrait UIInterfaceOrientationLandscapeLeft UIInterfaceOrientationLandscapeRight";
				LD_RUNPATH_SEARCH_PATHS = (
					"$(inherited)",
					"@executable_path/Frameworks",
				);
				MARKETING_VERSION = 1.0;
				PRODUCT_BUNDLE_IDENTIFIER = com.serenade.serenadev2;
				PRODUCT_NAME = "$(TARGET_NAME)";
				SWIFT_EMIT_LOC_STRINGS = YES;
				SWIFT_VERSION = 5.0;
				TARGETED_DEVICE_FAMILY = "1,2";
			};
			name = Release;
		};
		F137D25B2B839A84006264C1 /* Debug */ = {
			isa = XCBuildConfiguration;
			buildSettings = {
				ALWAYS_EMBED_SWIFT_STANDARD_LIBRARIES = YES;
				BUNDLE_LOADER = "$(TEST_HOST)";
				CODE_SIGN_STYLE = Automatic;
				CURRENT_PROJECT_VERSION = 1;
				DEVELOPMENT_TEAM = 8T878FXD47;
				GENERATE_INFOPLIST_FILE = YES;
				IPHONEOS_DEPLOYMENT_TARGET = 17.2;
				MARKETING_VERSION = 1.0;
				PRODUCT_BUNDLE_IDENTIFIER = com.serenade.serenadev2Tests;
				PRODUCT_NAME = "$(TARGET_NAME)";
				SWIFT_EMIT_LOC_STRINGS = NO;
				SWIFT_VERSION = 5.0;
				TARGETED_DEVICE_FAMILY = "1,2";
				TEST_HOST = "$(BUILT_PRODUCTS_DIR)/serenadev2.app/$(BUNDLE_EXECUTABLE_FOLDER_PATH)/serenadev2";
			};
			name = Debug;
		};
		F137D25C2B839A84006264C1 /* Release */ = {
			isa = XCBuildConfiguration;
			buildSettings = {
				ALWAYS_EMBED_SWIFT_STANDARD_LIBRARIES = YES;
				BUNDLE_LOADER = "$(TEST_HOST)";
				CODE_SIGN_STYLE = Automatic;
				CURRENT_PROJECT_VERSION = 1;
				DEVELOPMENT_TEAM = 8T878FXD47;
				GENERATE_INFOPLIST_FILE = YES;
				IPHONEOS_DEPLOYMENT_TARGET = 17.2;
				MARKETING_VERSION = 1.0;
				PRODUCT_BUNDLE_IDENTIFIER = com.serenade.serenadev2Tests;
				PRODUCT_NAME = "$(TARGET_NAME)";
				SWIFT_EMIT_LOC_STRINGS = NO;
				SWIFT_VERSION = 5.0;
				TARGETED_DEVICE_FAMILY = "1,2";
				TEST_HOST = "$(BUILT_PRODUCTS_DIR)/serenadev2.app/$(BUNDLE_EXECUTABLE_FOLDER_PATH)/serenadev2";
			};
			name = Release;
		};
		F137D25E2B839A84006264C1 /* Debug */ = {
			isa = XCBuildConfiguration;
			buildSettings = {
				ALWAYS_EMBED_SWIFT_STANDARD_LIBRARIES = YES;
				CODE_SIGN_STYLE = Automatic;
				CURRENT_PROJECT_VERSION = 1;
				DEVELOPMENT_TEAM = 8T878FXD47;
				GENERATE_INFOPLIST_FILE = YES;
				MARKETING_VERSION = 1.0;
				PRODUCT_BUNDLE_IDENTIFIER = com.serenade.serenadev2UITests;
				PRODUCT_NAME = "$(TARGET_NAME)";
				SWIFT_EMIT_LOC_STRINGS = NO;
				SWIFT_VERSION = 5.0;
				TARGETED_DEVICE_FAMILY = "1,2";
				TEST_TARGET_NAME = serenadev2;
			};
			name = Debug;
		};
		F137D25F2B839A84006264C1 /* Release */ = {
			isa = XCBuildConfiguration;
			buildSettings = {
				ALWAYS_EMBED_SWIFT_STANDARD_LIBRARIES = YES;
				CODE_SIGN_STYLE = Automatic;
				CURRENT_PROJECT_VERSION = 1;
				DEVELOPMENT_TEAM = 8T878FXD47;
				GENERATE_INFOPLIST_FILE = YES;
				MARKETING_VERSION = 1.0;
				PRODUCT_BUNDLE_IDENTIFIER = com.serenade.serenadev2UITests;
				PRODUCT_NAME = "$(TARGET_NAME)";
				SWIFT_EMIT_LOC_STRINGS = NO;
				SWIFT_VERSION = 5.0;
				TARGETED_DEVICE_FAMILY = "1,2";
				TEST_TARGET_NAME = serenadev2;
			};
			name = Release;
		};
/* End XCBuildConfiguration section */

/* Begin XCConfigurationList section */
		F137D22A2B839A81006264C1 /* Build configuration list for PBXProject "serenadev2" */ = {
			isa = XCConfigurationList;
			buildConfigurations = (
				F137D2552B839A84006264C1 /* Debug */,
				F137D2562B839A84006264C1 /* Release */,
			);
			defaultConfigurationIsVisible = 0;
			defaultConfigurationName = Release;
		};
		F137D2572B839A84006264C1 /* Build configuration list for PBXNativeTarget "serenadev2" */ = {
			isa = XCConfigurationList;
			buildConfigurations = (
				F137D2582B839A84006264C1 /* Debug */,
				F137D2592B839A84006264C1 /* Release */,
			);
			defaultConfigurationIsVisible = 0;
			defaultConfigurationName = Release;
		};
		F137D25A2B839A84006264C1 /* Build configuration list for PBXNativeTarget "serenadev2Tests" */ = {
			isa = XCConfigurationList;
			buildConfigurations = (
				F137D25B2B839A84006264C1 /* Debug */,
				F137D25C2B839A84006264C1 /* Release */,
			);
			defaultConfigurationIsVisible = 0;
			defaultConfigurationName = Release;
		};
		F137D25D2B839A84006264C1 /* Build configuration list for PBXNativeTarget "serenadev2UITests" */ = {
			isa = XCConfigurationList;
			buildConfigurations = (
				F137D25E2B839A84006264C1 /* Debug */,
				F137D25F2B839A84006264C1 /* Release */,
			);
			defaultConfigurationIsVisible = 0;
			defaultConfigurationName = Release;
		};
/* End XCConfigurationList section */
	};
	rootObject = F137D2272B839A81006264C1 /* Project object */;
}
